<Solution>
  <Folder Name="/Solution Items/">
    <File Path="docker-compose.yml" />
    <File Path="README.md" />
  </Folder>
  <Project Path="Appliction/TraineeHub.Appliction.csproj" Id="69d57f6f-67e4-48be-a3ba-3eb62738ef77" />
  <Project Path="Infrastructure/TraineeHub.Infrastructure.csproj" Id="0c36b9fc-165e-41ce-82a0-a7083ec3b2de" />
  <Project Path="TraineeHub.Api/TraineeHub.Api.csproj" Id="3d1dd7cd-cbea-4055-a738-8f05d788a071" />
  <Project Path="TraineeHub.Cli/TraineeHub.Cli.csproj" />
  <Project Path="TraineeHub.Domain/TraineeHub.Domain.csproj" Id="f8665b09-7571-4af3-b5f3-6b22d7debf1b" />
  <Project Path="TraineeHub.Web/TraineeHub.Web.csproj" Id="85e92306-0df5-4c77-8733-67d6d8f0acee" />
</Solution>
